
Microsoft Visual Studio Solution File, Format Version 12.00
# Visual Studio 15
VisualStudioVersion = 15.0.28010.2026
MinimumVisualStudioVersion = 10.0.40219.1
Project("{FAE04EC0-301F-11D3-BF4B-00C04F79EFBC}") = "IkorinLib", "IkorinLib\IkorinLib.csproj", "{D413A80E-2081-4388-8464-7869E0A7054D}"
EndProject
Project("{FAE04EC0-301F-11D3-BF4B-00C04F79EFBC}") = "WindowTest", "WindowTest\WindowTest.csproj", "{912AC6DC-4DF7-46D0-85E3-BF0242528BF4}"
EndProject
Global
	GlobalSection(SolutionConfigurationPlatforms) = preSolution
		Debug|Any CPU = Debug|Any CPU
		Release|Any CPU = Release|Any CPU
	EndGlobalSection
	GlobalSection(ProjectConfigurationPlatforms) = postSolution
		{D413A80E-2081-4388-8464-7869E0A7054D}.Debug|Any CPU.ActiveCfg = Debug|Any CPU
		{D413A80E-2081-4388-8464-7869E0A7054D}.Debug|Any CPU.Build.0 = Debug|Any CPU
		{D413A80E-2081-4388-8464-7869E0A7054D}.Release|Any CPU.ActiveCfg = Release|Any CPU
		{D413A80E-2081-4388-8464-7869E0A7054D}.Release|Any CPU.Build.0 = Release|Any CPU
		{912AC6DC-4DF7-46D0-85E3-BF0242528BF4}.Debug|Any CPU.ActiveCfg = Debug|Any CPU
		{912AC6DC-4DF7-46D0-85E3-BF0242528BF4}.Debug|Any CPU.Build.0 = Debug|Any CPU
		{912AC6DC-4DF7-46D0-85E3-BF0242528BF4}.Release|Any CPU.ActiveCfg = Release|Any CPU
		{912AC6DC-4DF7-46D0-85E3-BF0242528BF4}.Release|Any CPU.Build.0 = Release|Any CPU
	EndGlobalSection
	GlobalSection(SolutionProperties) = preSolution
		HideSolutionNode = FALSE
	EndGlobalSection
	GlobalSection(ExtensibilityGlobals) = postSolution
		SolutionGuid = {26C73062-BD85-4578-9AD9-5BF1E77F8CE6}
	EndGlobalSection
EndGlobal
